// !$*UTF8*$!
{
	archiveVersion = 1;
	classes = {
	};
	objectVersion = 50;
	objects = {

/* Begin PBXBuildFile section */
		1583FA0C219E0C290086C51B /* AppDelegate.swift in Sources */ = {isa = PBXBuildFile; fileRef = 1583FA0B219E0C290086C51B /* AppDelegate.swift */; };
		1583FA0E219E0C290086C51B /* ViewController.swift in Sources */ = {isa = PBXBuildFile; fileRef = 1583FA0D219E0C290086C51B /* ViewController.swift */; };
		1583FA11219E0C290086C51B /* Main.storyboard in Resources */ = {isa = PBXBuildFile; fileRef = 1583FA0F219E0C290086C51B /* Main.storyboard */; };
		1583FA13219E0C2B0086C51B /* Assets.xcassets in Resources */ = {isa = PBXBuildFile; fileRef = 1583FA12219E0C2B0086C51B /* Assets.xcassets */; };
		1583FA16219E0C2B0086C51B /* LaunchScreen.storyboard in Resources */ = {isa = PBXBuildFile; fileRef = 1583FA14219E0C2B0086C51B /* LaunchScreen.storyboard */; };
/* End PBXBuildFile section */

/* Begin PBXFileReference section */
		1583FA08219E0C290086C51B /* ShanthiDesamsettiCampusWalk.app */ = {isa = PBXFileReference; explicitFileType = wrapper.application; includeInIndex = 0; path = ShanthiDesamsettiCampusWalk.app; sourceTree = BUILT_PRODUCTS_DIR; };
		1583FA0B219E0C290086C51B /* AppDelegate.swift */ = {isa = PBXFileReference; lastKnownFileType = sourcecode.swift; path = AppDelegate.swift; sourceTree = "<group>"; };
		1583FA0D219E0C290086C51B /* ViewController.swift */ = {isa = PBXFileReference; lastKnownFileType = sourcecode.swift; path = ViewController.swift; sourceTree = "<group>"; };
		1583FA10219E0C290086C51B /* Base */ = {isa = PBXFileReference; lastKnownFileType = file.storyboard; name = Base; path = Base.lproj/Main.storyboard; sourceTree = "<group>"; };
		1583FA12219E0C2B0086C51B /* Assets.xcassets */ = {isa = PBXFileReference; lastKnownFileType = folder.assetcatalog; path = Assets.xcassets; sourceTree = "<group>"; };
		1583FA15219E0C2B0086C51B /* Base */ = {isa = PBXFileReference; lastKnownFileType = file.storyboard; name = Base; path = Base.lproj/LaunchScreen.storyboard; sourceTree = "<group>"; };
		1583FA17219E0C2B0086C51B /* Info.plist */ = {isa = PBXFileReference; lastKnownFileType = text.plist.xml; path = Info.plist; sourceTree = "<group>"; };
/* End PBXFileReference section */

/* Begin PBXFrameworksBuildPhase section */
		1583FA05219E0C290086C51B /* Frameworks */ = {
			isa = PBXFrameworksBuildPhase;
			buildActionMask = 2147483647;
			files = (
			);
			runOnlyForDeploymentPostprocessing = 0;
		};
/* End PBXFrameworksBuildPhase section */

/* Begin PBXGroup section */
		1583F9FF219E0C290086C51B = {
			isa = PBXGroup;
			children = (
				1583FA0A219E0C290086C51B /* ShanthiDesamsettiCampusWalk */,
				1583FA09219E0C290086C51B /* Products */,
			);
			sourceTree = "<group>";
		};
		1583FA09219E0C290086C51B /* Products */ = {
			isa = PBXGroup;
			children = (
				1583FA08219E0C290086C51B /* ShanthiDesamsettiCampusWalk.app */,
			);
			name = Products;
			sourceTree = "<group>";
		};
		1583FA0A219E0C290086C51B /* ShanthiDesamsettiCampusWalk */ = {
			isa = PBXGroup;
			children = (
				1583FA0B219E0C290086C51B /* AppDelegate.swift */,
				1583FA0D219E0C290086C51B /* ViewController.swift */,
				1583FA0F219E0C290086C51B /* Main.storyboard */,
				1583FA12219E0C2B0086C51B /* Assets.xcassets */,
				1583FA14219E0C2B0086C51B /* LaunchScreen.storyboard */,
				1583FA17219E0C2B0086C51B /* Info.plist */,
			);
			path = ShanthiDesamsettiCampusWalk;
			sourceTree = "<group>";
		};
/* End PBXGroup section */

/* Begin PBXNativeTarget section */
		1583FA07219E0C290086C51B /* ShanthiDesamsettiCampusWalk */ = {
			isa = PBXNativeTarget;
			buildConfigurationList = 1583FA1A219E0C2B0086C51B /* Build configuration list for PBXNativeTarget "ShanthiDesamsettiCampusWalk" */;
			buildPhases = (
				1583FA04219E0C290086C51B /* Sources */,
				1583FA05219E0C290086C51B /* Frameworks */,
				1583FA06219E0C290086C51B /* Resources */,
			);
			buildRules = (
			);
			dependencies = (
			);
			name = ShanthiDesamsettiCampusWalk;
			productName = ShanthiDesamsettiCampusWalk;
			productReference = 1583FA08219E0C290086C51B /* ShanthiDesamsettiCampusWalk.app */;
			productType = "com.apple.product-type.application";
		};
/* End PBXNativeTarget section */

/* Begin PBXProject section */
		1583FA00219E0C290086C51B /* Project object */ = {
			isa = PBXProject;
			attributes = {
				LastSwiftUpdateCheck = 0940;
				LastUpgradeCheck = 0940;
				ORGANIZATIONNAME = "Sivalingam Sundararaj Shanthi";
				TargetAttributes = {
					1583FA07219E0C290086C51B = {
						CreatedOnToolsVersion = 9.4.1;
					};
				};
			};
			buildConfigurationList = 1583FA03219E0C290086C51B /* Build configuration list for PBXProject "ShanthiDesamsettiCampusWalk" */;
			compatibilityVersion = "Xcode 9.3";
			developmentRegion = en;
			hasScannedForEncodings = 0;
			knownRegions = (
				en,
				Base,
			);
			mainGroup = 1583F9FF219E0C290086C51B;
			productRefGroup = 1583FA09219E0C290086C51B /* Products */;
			projectDirPath = "";
			projectRoot = "";
			targets = (
				1583FA07219E0C290086C51B /* ShanthiDesamsettiCampusWalk */,
			);
		};
/* End PBXProject section */

/* Begin PBXResourcesBuildPhase section */
		1583FA06219E0C290086C51B /* Resources */ = {
			isa = PBXResourcesBuildPhase;
			buildActionMask = 2147483647;
			files = (
				1583FA16219E0C2B0086C51B /* LaunchScreen.storyboard in Resources */,
				1583FA13219E0C2B0086C51B /* Assets.xcassets in Resources */,
				1583FA11219E0C290086C51B /* Main.storyboard in Resources */,
			);
			runOnlyForDeploymentPostprocessing = 0;
		};
/* End PBXResourcesBuildPhase section */

/* Begin PBXSourcesBuildPhase section */
		1583FA04219E0C290086C51B /* Sources */ = {
			isa = PBXSourcesBuildPhase;
			buildActionMask = 2147483647;
			files = (
				1583FA0E219E0C290086C51B /* ViewController.swift in Sources */,
				1583FA0C219E0C290086C51B /* AppDelegate.swift in Sources */,
			);
			runOnlyForDeploymentPostprocessing = 0;
		};
/* End PBXSourcesBuildPhase section */

/* Begin PBXVariantGroup section */
		1583FA0F219E0C290086C51B /* Main.storyboard */ = {
			isa = PBXVariantGroup;
			children = (
				1583FA10219E0C290086C51B /* Base */,
			);
			name = Main.storyboard;
			sourceTree = "<group>";
		};
		1583FA14219E0C2B0086C51B /* LaunchScreen.storyboard */ = {
			isa = PBXVariantGroup;
			children = (
				1583FA15219E0C2B0086C51B /* Base */,
			);
			name = LaunchScreen.storyboard;
			sourceTree = "<group>";
		};
/* End PBXVariantGroup section */

/* Begin XCBuildConfiguration section */
		1583FA18219E0C2B0086C51B /* Debug */ = {
			isa = XCBuildConfiguration;
			buildSettings = {
				ALWAYS_SEARCH_USER_PATHS = NO;
				CLANG_ANALYZER_NONNULL = YES;
				CLANG_ANALYZER_NUMBER_OBJECT_CONVERSION = YES_AGGRESSIVE;
				CLANG_CXX_LANGUAGE_STANDARD = "gnu++14";
				CLANG_CXX_LIBRARY = "libc++";
				CLANG_ENABLE_MODULES = YES;
				CLANG_ENABLE_OBJC_ARC = YES;
				CLANG_ENABLE_OBJC_WEAK = YES;
				CLANG_WARN_BLOCK_CAPTURE_AUTORELEASING = YES;
				CLANG_WARN_BOOL_CONVERSION = YES;
				CLANG_WARN_COMMA = YES;
				CLANG_WARN_CONSTANT_CONVERSION = YES;
				CLANG_WARN_DEPRECATED_OBJC_IMPLEMENTATIONS = YES;
				CLANG_WARN_DIRECT_OBJC_ISA_USAGE = YES_ERROR;
				CLANG_WARN_DOCUMENTATION_COMMENTS = YES;
				CLANG_WARN_EMPTY_BODY = YES;
				CLANG_WARN_ENUM_CONVERSION = YES;
				CLANG_WARN_INFINITE_RECURSION = YES;
				CLANG_WARN_INT_CONVERSION = YES;
				CLANG_WARN_NON_LITERAL_NULL_CONVERSION = YES;
				CLANG_WARN_OBJC_IMPLICIT_RETAIN_SELF = YES;
				CLANG_WARN_OBJC_LITERAL_CONVERSION = YES;
				CLANG_WARN_OBJC_ROOT_CLASS = YES_ERROR;
				CLANG_WARN_RANGE_LOOP_ANALYSIS = YES;
				CLANG_WARN_STRICT_PROTOTYPES = YES;
				CLANG_WARN_SUSPICIOUS_MOVE = YES;
				CLANG_WARN_UNGUARDED_AVAILABILITY = YES_AGGRESSIVE;
				CLANG_WARN_UNREACHABLE_CODE = YES;
				CLANG_WARN__DUPLICATE_METHOD_MATCH = YES;
				CODE_SIGN_IDENTITY = "iPhone Developer";
				COPY_PHASE_STRIP = NO;
				DEBUG_INFORMATION_FORMAT = dwarf;
				ENABLE_STRICT_OBJC_MSGSEND = YES;
				ENABLE_TESTABILITY = YES;
				GCC_C_LANGUAGE_STANDARD = gnu11;
				GCC_DYNAMIC_NO_PIC = NO;
				GCC_NO_COMMON_BLOCKS = YES;
				GCC_OPTIMIZATION_LEVEL = 0;
				GCC_PREPROCESSOR_DEFINITIONS = (
					"DEBUG=1",
					"$(inherited)",
				);
				GCC_WARN_64_TO_32_BIT_CONVERSION = YES;
				GCC_WARN_ABOUT_RETURN_TYPE = YES_ERROR;
				GCC_WARN_UNDECLARED_SELECTOR = YES;
				GCC_WARN_UNINITIALIZED_AUTOS = YES_AGGRESSIVE;
				GCC_WARN_UNUSED_FUNCTION = YES;
				GCC_WARN_UNUSED_VARIABLE = YES;
				IPHONEOS_DEPLOYMENT_TARGET = 11.4;
				MTL_ENABLE_DEBUG_INFO = YES;
				ONLY_ACTIVE_ARCH = YES;
				SDKROOT = iphoneos;
				SWIFT_ACTIVE_COMPILATION_CONDITIONS = DEBUG;
				SWIFT_OPTIMIZATION_LEVEL = "-Onone";
			};
			name = Debug;
		};
		1583FA19219E0C2B0086C51B /* Release */ = {
			isa = XCBuildConfiguration;
			buildSettings = {
				ALWAYS_SEARCH_USER_PATHS = NO;
				CLANG_ANALYZER_NONNULL = YES;
				CLANG_ANALYZER_NUMBER_OBJECT_CONVERSION = YES_AGGRESSIVE;
				CLANG_CXX_LANGUAGE_STANDARD = "gnu++14";
				CLANG_CXX_LIBRARY = "libc++";
				CLANG_ENABLE_MODULES = YES;
				CLANG_ENABLE_OBJC_ARC = YES;
				CLANG_ENABLE_OBJC_WEAK = YES;
				CLANG_WARN_BLOCK_CAPTURE_AUTORELEASING = YES;
				CLANG_WARN_BOOL_CONVERSION = YES;
				CLANG_WARN_COMMA = YES;
				CLANG_WARN_CONSTANT_CONVERSION = YES;
				CLANG_WARN_DEPRECATED_OBJC_IMPLEMENTATIONS = YES;
				CLANG_WARN_DIRECT_OBJC_ISA_USAGE = YES_ERROR;
				CLANG_WARN_DOCUMENTATION_COMMENTS = YES;
				CLANG_WARN_EMPTY_BODY = YES;
				CLANG_WARN_ENUM_CONVERSION = YES;
				CLANG_WARN_INFINITE_RECURSION = YES;
				CLANG_WARN_INT_CONVERSION = YES;
				CLANG_WARN_NON_LITERAL_NULL_CONVERSION = YES;
				CLANG_WARN_OBJC_IMPLICIT_RETAIN_SELF = YES;
				CLANG_WARN_OBJC_LITERAL_CONVERSION = YES;
				CLANG_WARN_OBJC_ROOT_CLASS = YES_ERROR;
				CLANG_WARN_RANGE_LOOP_ANALYSIS = YES;
				CLANG_WARN_STRICT_PROTOTYPES = YES;
				CLANG_WARN_SUSPICIOUS_MOVE = YES;
				CLANG_WARN_UNGUARDED_AVAILABILITY = YES_AGGRESSIVE;
				CLANG_WARN_UNREACHABLE_CODE = YES;
				CLANG_WARN__DUPLICATE_METHOD_MATCH = YES;
				CODE_SIGN_IDENTITY = "iPhone Developer";
				COPY_PHASE_STRIP = NO;
				DEBUG_INFORMATION_FORMAT = "dwarf-with-dsym";
				ENABLE_NS_ASSERTIONS = NO;
				ENABLE_STRICT_OBJC_MSGSEND = YES;
				GCC_C_LANGUAGE_STANDARD = gnu11;
				GCC_NO_COMMON_BLOCKS = YES;
				GCC_WARN_64_TO_32_BIT_CONVERSION = YES;
				GCC_WARN_ABOUT_RETURN_TYPE = YES_ERROR;
				GCC_WARN_UNDECLARED_SELECTOR = YES;
				GCC_WARN_UNINITIALIZED_AUTOS = YES_AGGRESSIVE;
				GCC_WARN_UNUSED_FUNCTION = YES;
				GCC_WARN_UNUSED_VARIABLE = YES;
				IPHONEOS_DEPLOYMENT_TARGET = 11.4;
				MTL_ENABLE_DEBUG_INFO = NO;
				SDKROOT = iphoneos;
				SWIFT_COMPILATION_MODE = wholemodule;
				SWIFT_OPTIMIZATION_LEVEL = "-O";
				VALIDATE_PRODUCT = YES;
			};
			name = Release;
		};
		1583FA1B219E0C2B0086C51B /* Debug */ = {
			isa = XCBuildConfiguration;
			buildSettings = {
				ASSETCATALOG_COMPILER_APPICON_NAME = AppIcon;
				CODE_SIGN_STYLE = Automatic;
				DEVELOPMENT_TEAM = S224WD5FPF;
				INFOPLIST_FILE = ShanthiDesamsettiCampusWalk/Info.plist;
				LD_RUNPATH_SEARCH_PATHS = (
					"$(inherited)",
					"@executable_path/Frameworks",
				);
				PRODUCT_BUNDLE_IDENTIFIER = edu.niu.cs.ShanthiDesamsettiCampusWalk;
				PRODUCT_NAME = "$(TARGET_NAME)";
				SWIFT_VERSION = 4.0;
				TARGETED_DEVICE_FAMILY = "1,2";
			};
			name = Debug;
		};
		1583FA1C219E0C2B0086C51B /* Release */ = {
			isa = XCBuildConfiguration;
			buildSettings = {
				ASSETCATALOG_COMPILER_APPICON_NAME = AppIcon;
				CODE_SIGN_STYLE = Automatic;
				DEVELOPMENT_TEAM = S224WD5FPF;
				INFOPLIST_FILE = ShanthiDesamsettiCampusWalk/Info.plist;
				LD_RUNPATH_SEARCH_PATHS = (
					"$(inherited)",
					"@executable_path/Frameworks",
				);
				PRODUCT_BUNDLE_IDENTIFIER = edu.niu.cs.ShanthiDesamsettiCampusWalk;
				PRODUCT_NAME = "$(TARGET_NAME)";
				SWIFT_VERSION = 4.0;
				TARGETED_DEVICE_FAMILY = "1,2";
			};
			name = Release;
		};
/* End XCBuildConfiguration section */

/* Begin XCConfigurationList section */
		1583FA03219E0C290086C51B /* Build configuration list for PBXProject "ShanthiDesamsettiCampusWalk" */ = {
			isa = XCConfigurationList;
			buildConfigurations = (
				1583FA18219E0C2B0086C51B /* Debug */,
				1583FA19219E0C2B0086C51B /* Release */,
			);
			defaultConfigurationIsVisible = 0;
			defaultConfigurationName = Release;
		};
		1583FA1A219E0C2B0086C51B /* Build configuration list for PBXNativeTarget "ShanthiDesamsettiCampusWalk" */ = {
			isa = XCConfigurationList;
			buildConfigurations = (
				1583FA1B219E0C2B0086C51B /* Debug */,
				1583FA1C219E0C2B0086C51B /* Release */,
			);
			defaultConfigurationIsVisible = 0;
			defaultConfigurationName = Release;
		};
/* End XCConfigurationList section */
	};
	rootObject = 1583FA00219E0C290086C51B /* Project object */;
}
